
Microsoft Visual Studio Solution File, Format Version 12.00
# Visual Studio 15
VisualStudioVersion = 15.0.27004.2002
MinimumVisualStudioVersion = 10.0.40219.1
Project("{D954291E-2A0B-460D-934E-DC6B0785DB48}") = "Lemur", "Lemur\Lemur.shproj", "{619C683E-54C5-4361-A568-AD207E52174E}"
EndProject
Global
	GlobalSection(SharedMSBuildProjectFiles) = preSolution
		Lemur\Lemur.projitems*{619c683e-54c5-4361-a568-ad207e52174e}*SharedItemsImports = 13
	EndGlobalSection
	GlobalSection(SolutionProperties) = preSolution
		HideSolutionNode = FALSE
	EndGlobalSection
	GlobalSection(ExtensibilityGlobals) = postSolution
		SolutionGuid = {87C5B5DA-F89B-48C2-A363-2DCB857F544E}
	EndGlobalSection
EndGlobal
